dependencies:
- name: meilisearch
  repository: https://meilisearch.github.io/meilisearch-kubernetes
  version: 0.12.0
- name: redis
  repository: oci://registry-1.docker.io/bitnamicharts
  version: 25.5.3
- name: mongodb
  repository: oci://registry-1.docker.io/bitnamicharts
  version: 16.5.0
digest: sha256:da1321e47ff87d69c4a438b6bd4e058a9d544ef55d6bbd740938efa04b26d9cb
generated: "2026-05-22T21:10:13.486846906Z"
