dependencies:
- name: meilisearch
  repository: https://meilisearch.github.io/meilisearch-kubernetes
  version: 0.12.0
- name: redis
  repository: oci://registry-1.docker.io/bitnamicharts
  version: 20.11.5
- name: mongodb
  repository: oci://registry-1.docker.io/bitnamicharts
  version: 18.7.1
digest: sha256:5ae91cbc11681d22448e46afab270c943a1dc1185cc5426ec32be4fca0a22c48
generated: "2026-05-09T01:59:52.108175293Z"
