dependencies:
- name: meilisearch
  repository: https://meilisearch.github.io/meilisearch-kubernetes
  version: 0.12.0
- name: redis
  repository: oci://registry-1.docker.io/bitnamicharts
  version: 28.0.15
- name: mongodb
  repository: oci://registry-1.docker.io/bitnamicharts
  version: 16.5.0
digest: sha256:b9698e925d480b73cdcb33aa56436c91f7e7732dcd44c31b2da9cf2dc1270899
generated: "2026-09-04T03:30:58.390445859Z"
